
Microsoft Visual Studio Solution File, Format Version 12.00
# Visual Studio Version 16
VisualStudioVersion = 16.0.29418.71
MinimumVisualStudioVersion = 10.0.40219.1
Project("{9A19103F-16F7-4668-BE54-9A1E7A4F7556}") = "Zoo", "Zoo\Zoo.csproj", "{3E7BD65F-BD29-4ED5-AC60-9E03D88B4913}"
EndProject
Project("{9A19103F-16F7-4668-BE54-9A1E7A4F7556}") = "Zoo.App.Console", "Zoo.App.Console\Zoo.App.Console.csproj", "{D3A06F9E-DE22-40C7-A49D-041F657B4F82}"
EndProject
Project("{FAE04EC0-301F-11D3-BF4B-00C04F79EFBC}") = "Zoo.App.Mobile.UWP", "Zoo.App.Mobile\Zoo.App.Mobile.UWP\Zoo.App.Mobile.UWP.csproj", "{7E8E60BB-172B-4F0A-876B-A45D3A459141}"
EndProject
Project("{FAE04EC0-301F-11D3-BF4B-00C04F79EFBC}") = "Zoo.App.Mobile.Android", "Zoo.App.Mobile\Zoo.App.Mobile.Android\Zoo.App.Mobile.Android.csproj", "{D2E5A3C6-F9B9-4565-8E3C-BF9FD6636726}"
EndProject
Project("{FAE04EC0-301F-11D3-BF4B-00C04F79EFBC}") = "Zoo.App.Mobile.iOS", "Zoo.App.Mobile\Zoo.App.Mobile.iOS\Zoo.App.Mobile.iOS.csproj", "{1CD0D36C-658F-472F-B9CF-529E2FA0FEEE}"
EndProject
Project("{FAE04EC0-301F-11D3-BF4B-00C04F79EFBC}") = "Zoo.App.Mobile", "Zoo.App.Mobile\Zoo.App.Mobile\Zoo.App.Mobile.csproj", "{68D4D6F1-FCFF-4FD3-8923-3F162BD5A56B}"
EndProject
Global
	GlobalSection(SolutionConfigurationPlatforms) = preSolution
		Debug|Any CPU = Debug|Any CPU
		Debug|ARM = Debug|ARM
		Debug|iPhone = Debug|iPhone
		Debug|iPhoneSimulator = Debug|iPhoneSimulator
		Debug|x64 = Debug|x64
		Debug|x86 = Debug|x86
		Release|Any CPU = Release|Any CPU
		Release|ARM = Release|ARM
		Release|iPhone = Release|iPhone
		Release|iPhoneSimulator = Release|iPhoneSimulator
		Release|x64 = Release|x64
		Release|x86 = Release|x86
	EndGlobalSection
	GlobalSection(ProjectConfigurationPlatforms) = postSolution
		{3E7BD65F-BD29-4ED5-AC60-9E03D88B4913}.Debug|Any CPU.ActiveCfg = Debug|Any CPU
		{3E7BD65F-BD29-4ED5-AC60-9E03D88B4913}.Debug|Any CPU.Build.0 = Debug|Any CPU
		{3E7BD65F-BD29-4ED5-AC60-9E03D88B4913}.Debug|ARM.ActiveCfg = Debug|Any CPU
		{3E7BD65F-BD29-4ED5-AC60-9E03D88B4913}.Debug|ARM.Build.0 = Debug|Any CPU
		{3E7BD65F-BD29-4ED5-AC60-9E03D88B4913}.Debug|iPhone.ActiveCfg = Debug|Any CPU
		{3E7BD65F-BD29-4ED5-AC60-9E03D88B4913}.Debug|iPhone.Build.0 = Debug|Any CPU
		{3E7BD65F-BD29-4ED5-AC60-9E03D88B4913}.Debug|iPhoneSimulator.ActiveCfg = Debug|Any CPU
		{3E7BD65F-BD29-4ED5-AC60-9E03D88B4913}.Debug|iPhoneSimulator.Build.0 = Debug|Any CPU
		{3E7BD65F-BD29-4ED5-AC60-9E03D88B4913}.Debug|x64.ActiveCfg = Debug|Any CPU
		{3E7BD65F-BD29-4ED5-AC60-9E03D88B4913}.Debug|x64.Build.0 = Debug|Any CPU
		{3E7BD65F-BD29-4ED5-AC60-9E03D88B4913}.Debug|x86.ActiveCfg = Debug|Any CPU
		{3E7BD65F-BD29-4ED5-AC60-9E03D88B4913}.Debug|x86.Build.0 = Debug|Any CPU
		{3E7BD65F-BD29-4ED5-AC60-9E03D88B4913}.Release|Any CPU.ActiveCfg = Release|Any CPU
		{3E7BD65F-BD29-4ED5-AC60-9E03D88B4913}.Release|Any CPU.Build.0 = Release|Any CPU
		{3E7BD65F-BD29-4ED5-AC60-9E03D88B4913}.Release|ARM.ActiveCfg = Release|Any CPU
		{3E7BD65F-BD29-4ED5-AC60-9E03D88B4913}.Release|ARM.Build.0 = Release|Any CPU
		{3E7BD65F-BD29-4ED5-AC60-9E03D88B4913}.Release|iPhone.ActiveCfg = Release|Any CPU
		{3E7BD65F-BD29-4ED5-AC60-9E03D88B4913}.Release|iPhone.Build.0 = Release|Any CPU
		{3E7BD65F-BD29-4ED5-AC60-9E03D88B4913}.Release|iPhoneSimulator.ActiveCfg = Release|Any CPU
		{3E7BD65F-BD29-4ED5-AC60-9E03D88B4913}.Release|iPhoneSimulator.Build.0 = Release|Any CPU
		{3E7BD65F-BD29-4ED5-AC60-9E03D88B4913}.Release|x64.ActiveCfg = Release|Any CPU
		{3E7BD65F-BD29-4ED5-AC60-9E03D88B4913}.Release|x64.Build.0 = Release|Any CPU
		{3E7BD65F-BD29-4ED5-AC60-9E03D88B4913}.Release|x86.ActiveCfg = Release|Any CPU
		{3E7BD65F-BD29-4ED5-AC60-9E03D88B4913}.Release|x86.Build.0 = Release|Any CPU
		{D3A06F9E-DE22-40C7-A49D-041F657B4F82}.Debug|Any CPU.ActiveCfg = Debug|Any CPU
		{D3A06F9E-DE22-40C7-A49D-041F657B4F82}.Debug|Any CPU.Build.0 = Debug|Any CPU
		{D3A06F9E-DE22-40C7-A49D-041F657B4F82}.Debug|ARM.ActiveCfg = Debug|Any CPU
		{D3A06F9E-DE22-40C7-A49D-041F657B4F82}.Debug|ARM.Build.0 = Debug|Any CPU
		{D3A06F9E-DE22-40C7-A49D-041F657B4F82}.Debug|iPhone.ActiveCfg = Debug|Any CPU
		{D3A06F9E-DE22-40C7-A49D-041F657B4F82}.Debug|iPhone.Build.0 = Debug|Any CPU
		{D3A06F9E-DE22-40C7-A49D-041F657B4F82}.Debug|iPhoneSimulator.ActiveCfg = Debug|Any CPU
		{D3A06F9E-DE22-40C7-A49D-041F657B4F82}.Debug|iPhoneSimulator.Build.0 = Debug|Any CPU
		{D3A06F9E-DE22-40C7-A49D-041F657B4F82}.Debug|x64.ActiveCfg = Debug|Any CPU
		{D3A06F9E-DE22-40C7-A49D-041F657B4F82}.Debug|x64.Build.0 = Debug|Any CPU
		{D3A06F9E-DE22-40C7-A49D-041F657B4F82}.Debug|x86.ActiveCfg = Debug|Any CPU
		{D3A06F9E-DE22-40C7-A49D-041F657B4F82}.Debug|x86.Build.0 = Debug|Any CPU
		{D3A06F9E-DE22-40C7-A49D-041F657B4F82}.Release|Any CPU.ActiveCfg = Release|Any CPU
		{D3A06F9E-DE22-40C7-A49D-041F657B4F82}.Release|Any CPU.Build.0 = Release|Any CPU
		{D3A06F9E-DE22-40C7-A49D-041F657B4F82}.Release|ARM.ActiveCfg = Release|Any CPU
		{D3A06F9E-DE22-40C7-A49D-041F657B4F82}.Release|ARM.Build.0 = Release|Any CPU
		{D3A06F9E-DE22-40C7-A49D-041F657B4F82}.Release|iPhone.ActiveCfg = Release|Any CPU
		{D3A06F9E-DE22-40C7-A49D-041F657B4F82}.Release|iPhone.Build.0 = Release|Any CPU
		{D3A06F9E-DE22-40C7-A49D-041F657B4F82}.Release|iPhoneSimulator.ActiveCfg = Release|Any CPU
		{D3A06F9E-DE22-40C7-A49D-041F657B4F82}.Release|iPhoneSimulator.Build.0 = Release|Any CPU
		{D3A06F9E-DE22-40C7-A49D-041F657B4F82}.Release|x64.ActiveCfg = Release|Any CPU
		{D3A06F9E-DE22-40C7-A49D-041F657B4F82}.Release|x64.Build.0 = Release|Any CPU
		{D3A06F9E-DE22-40C7-A49D-041F657B4F82}.Release|x86.ActiveCfg = Release|Any CPU
		{D3A06F9E-DE22-40C7-A49D-041F657B4F82}.Release|x86.Build.0 = Release|Any CPU
		{7E8E60BB-172B-4F0A-876B-A45D3A459141}.Debug|Any CPU.ActiveCfg = Debug|x86
		{7E8E60BB-172B-4F0A-876B-A45D3A459141}.Debug|ARM.ActiveCfg = Debug|ARM
		{7E8E60BB-172B-4F0A-876B-A45D3A459141}.Debug|ARM.Build.0 = Debug|ARM
		{7E8E60BB-172B-4F0A-876B-A45D3A459141}.Debug|ARM.Deploy.0 = Debug|ARM
		{7E8E60BB-172B-4F0A-876B-A45D3A459141}.Debug|iPhone.ActiveCfg = Debug|x86
		{7E8E60BB-172B-4F0A-876B-A45D3A459141}.Debug|iPhoneSimulator.ActiveCfg = Debug|x86
		{7E8E60BB-172B-4F0A-876B-A45D3A459141}.Debug|x64.ActiveCfg = Debug|x64
		{7E8E60BB-172B-4F0A-876B-A45D3A459141}.Debug|x64.Build.0 = Debug|x64
		{7E8E60BB-172B-4F0A-876B-A45D3A459141}.Debug|x64.Deploy.0 = Debug|x64
		{7E8E60BB-172B-4F0A-876B-A45D3A459141}.Debug|x86.ActiveCfg = Debug|x86
		{7E8E60BB-172B-4F0A-876B-A45D3A459141}.Debug|x86.Build.0 = Debug|x86
		{7E8E60BB-172B-4F0A-876B-A45D3A459141}.Debug|x86.Deploy.0 = Debug|x86
		{7E8E60BB-172B-4F0A-876B-A45D3A459141}.Release|Any CPU.ActiveCfg = Release|x86
		{7E8E60BB-172B-4F0A-876B-A45D3A459141}.Release|ARM.ActiveCfg = Release|ARM
		{7E8E60BB-172B-4F0A-876B-A45D3A459141}.Release|ARM.Build.0 = Release|ARM
		{7E8E60BB-172B-4F0A-876B-A45D3A459141}.Release|ARM.Deploy.0 = Release|ARM
		{7E8E60BB-172B-4F0A-876B-A45D3A459141}.Release|iPhone.ActiveCfg = Release|x86
		{7E8E60BB-172B-4F0A-876B-A45D3A459141}.Release|iPhoneSimulator.ActiveCfg = Release|x86
		{7E8E60BB-172B-4F0A-876B-A45D3A459141}.Release|x64.ActiveCfg = Release|x64
		{7E8E60BB-172B-4F0A-876B-A45D3A459141}.Release|x64.Build.0 = Release|x64
		{7E8E60BB-172B-4F0A-876B-A45D3A459141}.Release|x64.Deploy.0 = Release|x64
		{7E8E60BB-172B-4F0A-876B-A45D3A459141}.Release|x86.ActiveCfg = Release|x86
		{7E8E60BB-172B-4F0A-876B-A45D3A459141}.Release|x86.Build.0 = Release|x86
		{7E8E60BB-172B-4F0A-876B-A45D3A459141}.Release|x86.Deploy.0 = Release|x86
		{D2E5A3C6-F9B9-4565-8E3C-BF9FD6636726}.Debug|Any CPU.ActiveCfg = Debug|Any CPU
		{D2E5A3C6-F9B9-4565-8E3C-BF9FD6636726}.Debug|Any CPU.Build.0 = Debug|Any CPU
		{D2E5A3C6-F9B9-4565-8E3C-BF9FD6636726}.Debug|Any CPU.Deploy.0 = Debug|Any CPU
		{D2E5A3C6-F9B9-4565-8E3C-BF9FD6636726}.Debug|ARM.ActiveCfg = Debug|Any CPU
		{D2E5A3C6-F9B9-4565-8E3C-BF9FD6636726}.Debug|ARM.Build.0 = Debug|Any CPU
		{D2E5A3C6-F9B9-4565-8E3C-BF9FD6636726}.Debug|ARM.Deploy.0 = Debug|Any CPU
		{D2E5A3C6-F9B9-4565-8E3C-BF9FD6636726}.Debug|iPhone.ActiveCfg = Debug|Any CPU
		{D2E5A3C6-F9B9-4565-8E3C-BF9FD6636726}.Debug|iPhone.Build.0 = Debug|Any CPU
		{D2E5A3C6-F9B9-4565-8E3C-BF9FD6636726}.Debug|iPhone.Deploy.0 = Debug|Any CPU
		{D2E5A3C6-F9B9-4565-8E3C-BF9FD6636726}.Debug|iPhoneSimulator.ActiveCfg = Debug|Any CPU
		{D2E5A3C6-F9B9-4565-8E3C-BF9FD6636726}.Debug|iPhoneSimulator.Build.0 = Debug|Any CPU
		{D2E5A3C6-F9B9-4565-8E3C-BF9FD6636726}.Debug|iPhoneSimulator.Deploy.0 = Debug|Any CPU
		{D2E5A3C6-F9B9-4565-8E3C-BF9FD6636726}.Debug|x64.ActiveCfg = Debug|Any CPU
		{D2E5A3C6-F9B9-4565-8E3C-BF9FD6636726}.Debug|x64.Build.0 = Debug|Any CPU
		{D2E5A3C6-F9B9-4565-8E3C-BF9FD6636726}.Debug|x64.Deploy.0 = Debug|Any CPU
		{D2E5A3C6-F9B9-4565-8E3C-BF9FD6636726}.Debug|x86.ActiveCfg = Debug|Any CPU
		{D2E5A3C6-F9B9-4565-8E3C-BF9FD6636726}.Debug|x86.Build.0 = Debug|Any CPU
		{D2E5A3C6-F9B9-4565-8E3C-BF9FD6636726}.Debug|x86.Deploy.0 = Debug|Any CPU
		{D2E5A3C6-F9B9-4565-8E3C-BF9FD6636726}.Release|Any CPU.ActiveCfg = Release|Any CPU
		{D2E5A3C6-F9B9-4565-8E3C-BF9FD6636726}.Release|Any CPU.Build.0 = Release|Any CPU
		{D2E5A3C6-F9B9-4565-8E3C-BF9FD6636726}.Release|Any CPU.Deploy.0 = Release|Any CPU
		{D2E5A3C6-F9B9-4565-8E3C-BF9FD6636726}.Release|ARM.ActiveCfg = Release|Any CPU
		{D2E5A3C6-F9B9-4565-8E3C-BF9FD6636726}.Release|ARM.Build.0 = Release|Any CPU
		{D2E5A3C6-F9B9-4565-8E3C-BF9FD6636726}.Release|ARM.Deploy.0 = Release|Any CPU
		{D2E5A3C6-F9B9-4565-8E3C-BF9FD6636726}.Release|iPhone.ActiveCfg = Release|Any CPU
		{D2E5A3C6-F9B9-4565-8E3C-BF9FD6636726}.Release|iPhone.Build.0 = Release|Any CPU
		{D2E5A3C6-F9B9-4565-8E3C-BF9FD6636726}.Release|iPhone.Deploy.0 = Release|Any CPU
		{D2E5A3C6-F9B9-4565-8E3C-BF9FD6636726}.Release|iPhoneSimulator.ActiveCfg = Release|Any CPU
		{D2E5A3C6-F9B9-4565-8E3C-BF9FD6636726}.Release|iPhoneSimulator.Build.0 = Release|Any CPU
		{D2E5A3C6-F9B9-4565-8E3C-BF9FD6636726}.Release|iPhoneSimulator.Deploy.0 = Release|Any CPU
		{D2E5A3C6-F9B9-4565-8E3C-BF9FD6636726}.Release|x64.ActiveCfg = Release|Any CPU
		{D2E5A3C6-F9B9-4565-8E3C-BF9FD6636726}.Release|x64.Build.0 = Release|Any CPU
		{D2E5A3C6-F9B9-4565-8E3C-BF9FD6636726}.Release|x64.Deploy.0 = Release|Any CPU
		{D2E5A3C6-F9B9-4565-8E3C-BF9FD6636726}.Release|x86.ActiveCfg = Release|Any CPU
		{D2E5A3C6-F9B9-4565-8E3C-BF9FD6636726}.Release|x86.Build.0 = Release|Any CPU
		{D2E5A3C6-F9B9-4565-8E3C-BF9FD6636726}.Release|x86.Deploy.0 = Release|Any CPU
		{1CD0D36C-658F-472F-B9CF-529E2FA0FEEE}.Debug|Any CPU.ActiveCfg = Debug|iPhone
		{1CD0D36C-658F-472F-B9CF-529E2FA0FEEE}.Debug|ARM.ActiveCfg = Debug|iPhone
		{1CD0D36C-658F-472F-B9CF-529E2FA0FEEE}.Debug|iPhone.ActiveCfg = Debug|iPhone
		{1CD0D36C-658F-472F-B9CF-529E2FA0FEEE}.Debug|iPhone.Build.0 = Debug|iPhone
		{1CD0D36C-658F-472F-B9CF-529E2FA0FEEE}.Debug|iPhoneSimulator.ActiveCfg = Debug|iPhoneSimulator
		{1CD0D36C-658F-472F-B9CF-529E2FA0FEEE}.Debug|iPhoneSimulator.Build.0 = Debug|iPhoneSimulator
		{1CD0D36C-658F-472F-B9CF-529E2FA0FEEE}.Debug|x64.ActiveCfg = Debug|iPhone
		{1CD0D36C-658F-472F-B9CF-529E2FA0FEEE}.Debug|x86.ActiveCfg = Debug|iPhone
		{1CD0D36C-658F-472F-B9CF-529E2FA0FEEE}.Release|Any CPU.ActiveCfg = Release|iPhone
		{1CD0D36C-658F-472F-B9CF-529E2FA0FEEE}.Release|ARM.ActiveCfg = Release|iPhone
		{1CD0D36C-658F-472F-B9CF-529E2FA0FEEE}.Release|iPhone.ActiveCfg = Release|iPhone
		{1CD0D36C-658F-472F-B9CF-529E2FA0FEEE}.Release|iPhone.Build.0 = Release|iPhone
		{1CD0D36C-658F-472F-B9CF-529E2FA0FEEE}.Release|iPhoneSimulator.ActiveCfg = Release|iPhoneSimulator
		{1CD0D36C-658F-472F-B9CF-529E2FA0FEEE}.Release|iPhoneSimulator.Build.0 = Release|iPhoneSimulator
		{1CD0D36C-658F-472F-B9CF-529E2FA0FEEE}.Release|x64.ActiveCfg = Release|iPhone
		{1CD0D36C-658F-472F-B9CF-529E2FA0FEEE}.Release|x86.ActiveCfg = Release|iPhone
		{68D4D6F1-FCFF-4FD3-8923-3F162BD5A56B}.Debug|Any CPU.ActiveCfg = Debug|Any CPU
		{68D4D6F1-FCFF-4FD3-8923-3F162BD5A56B}.Debug|Any CPU.Build.0 = Debug|Any CPU
		{68D4D6F1-FCFF-4FD3-8923-3F162BD5A56B}.Debug|ARM.ActiveCfg = Debug|Any CPU
		{68D4D6F1-FCFF-4FD3-8923-3F162BD5A56B}.Debug|ARM.Build.0 = Debug|Any CPU
		{68D4D6F1-FCFF-4FD3-8923-3F162BD5A56B}.Debug|iPhone.ActiveCfg = Debug|Any CPU
		{68D4D6F1-FCFF-4FD3-8923-3F162BD5A56B}.Debug|iPhone.Build.0 = Debug|Any CPU
		{68D4D6F1-FCFF-4FD3-8923-3F162BD5A56B}.Debug|iPhoneSimulator.ActiveCfg = Debug|Any CPU
		{68D4D6F1-FCFF-4FD3-8923-3F162BD5A56B}.Debug|iPhoneSimulator.Build.0 = Debug|Any CPU
		{68D4D6F1-FCFF-4FD3-8923-3F162BD5A56B}.Debug|x64.ActiveCfg = Debug|Any CPU
		{68D4D6F1-FCFF-4FD3-8923-3F162BD5A56B}.Debug|x64.Build.0 = Debug|Any CPU
		{68D4D6F1-FCFF-4FD3-8923-3F162BD5A56B}.Debug|x86.ActiveCfg = Debug|Any CPU
		{68D4D6F1-FCFF-4FD3-8923-3F162BD5A56B}.Debug|x86.Build.0 = Debug|Any CPU
		{68D4D6F1-FCFF-4FD3-8923-3F162BD5A56B}.Release|Any CPU.ActiveCfg = Release|Any CPU
		{68D4D6F1-FCFF-4FD3-8923-3F162BD5A56B}.Release|Any CPU.Build.0 = Release|Any CPU
		{68D4D6F1-FCFF-4FD3-8923-3F162BD5A56B}.Release|ARM.ActiveCfg = Release|Any CPU
		{68D4D6F1-FCFF-4FD3-8923-3F162BD5A56B}.Release|ARM.Build.0 = Release|Any CPU
		{68D4D6F1-FCFF-4FD3-8923-3F162BD5A56B}.Release|iPhone.ActiveCfg = Release|Any CPU
		{68D4D6F1-FCFF-4FD3-8923-3F162BD5A56B}.Release|iPhone.Build.0 = Release|Any CPU
		{68D4D6F1-FCFF-4FD3-8923-3F162BD5A56B}.Release|iPhoneSimulator.ActiveCfg = Release|Any CPU
		{68D4D6F1-FCFF-4FD3-8923-3F162BD5A56B}.Release|iPhoneSimulator.Build.0 = Release|Any CPU
		{68D4D6F1-FCFF-4FD3-8923-3F162BD5A56B}.Release|x64.ActiveCfg = Release|Any CPU
		{68D4D6F1-FCFF-4FD3-8923-3F162BD5A56B}.Release|x64.Build.0 = Release|Any CPU
		{68D4D6F1-FCFF-4FD3-8923-3F162BD5A56B}.Release|x86.ActiveCfg = Release|Any CPU
		{68D4D6F1-FCFF-4FD3-8923-3F162BD5A56B}.Release|x86.Build.0 = Release|Any CPU
	EndGlobalSection
	GlobalSection(SolutionProperties) = preSolution
		HideSolutionNode = FALSE
	EndGlobalSection
	GlobalSection(ExtensibilityGlobals) = postSolution
		SolutionGuid = {3355B20F-97D9-4255-AA0B-AFF7B01833EE}
	EndGlobalSection
EndGlobal
